
Microsoft Visual Studio Solution File, Format Version 12.00
# Visual Studio 15
VisualStudioVersion = 15.0.26730.3
MinimumVisualStudioVersion = 10.0.40219.1
Project("{FAE04EC0-301F-11D3-BF4B-00C04F79EFBC}") = "SharePointHostedSPA", "SharePointHostedSPA\SharePointHostedSPA.csproj", "{8FFD44D5-1002-4C63-A61B-B63C9353033D}"
EndProject
Global
	GlobalSection(SolutionConfigurationPlatforms) = preSolution
		Debug|Any CPU = Debug|Any CPU
		Release|Any CPU = Release|Any CPU
	EndGlobalSection
	GlobalSection(ProjectConfigurationPlatforms) = postSolution
		{8FFD44D5-1002-4C63-A61B-B63C9353033D}.Debug|Any CPU.ActiveCfg = Debug|Any CPU
		{8FFD44D5-1002-4C63-A61B-B63C9353033D}.Debug|Any CPU.Build.0 = Debug|Any CPU
		{8FFD44D5-1002-4C63-A61B-B63C9353033D}.Debug|Any CPU.Deploy.0 = Debug|Any CPU
		{8FFD44D5-1002-4C63-A61B-B63C9353033D}.Release|Any CPU.ActiveCfg = Release|Any CPU
		{8FFD44D5-1002-4C63-A61B-B63C9353033D}.Release|Any CPU.Build.0 = Release|Any CPU
		{8FFD44D5-1002-4C63-A61B-B63C9353033D}.Release|Any CPU.Deploy.0 = Release|Any CPU
	EndGlobalSection
	GlobalSection(SolutionProperties) = preSolution
		HideSolutionNode = FALSE
	EndGlobalSection
	GlobalSection(ExtensibilityGlobals) = postSolution
		SolutionGuid = {CBFA4BF3-7437-4C15-B521-5A6BE7E9E38A}
	EndGlobalSection
EndGlobal
